[root]
name = "jsrs"
version = "0.1.0"
dependencies = [
 "french_press 0.1.0 (git+https://github.com/rustoscript/french-press?rev=c74b57d)",
 "jsrs-common 0.1.0 (git+https://github.com/rustoscript/js.rs-common.git?rev=ad1e542)",
 "jsrs-parser 0.1.0 (git+https://github.com/rustoscript/js.rs-parser.git)",
 "rustyline 0.2.0 (registry+https://github.com/rust-lang/crates.io-index)",
 "uuid 0.1.18 (registry+https://github.com/rust-lang/crates.io-index)",
]

[[package]]
name = "advapi32-sys"
version = "0.1.2"
source = "registry+https://github.com/rust-lang/crates.io-index"
dependencies = [
 "winapi 0.2.5 (registry+https://github.com/rust-lang/crates.io-index)",
 "winapi-build 0.1.1 (registry+https://github.com/rust-lang/crates.io-index)",
]

[[package]]
name = "aho-corasick"
version = "0.4.0"
source = "registry+https://github.com/rust-lang/crates.io-index"
dependencies = [
 "memchr 0.1.7 (registry+https://github.com/rust-lang/crates.io-index)",
]

[[package]]
name = "bitflags"
version = "0.1.1"
source = "registry+https://github.com/rust-lang/crates.io-index"

[[package]]
name = "bitflags"
version = "0.3.3"
source = "registry+https://github.com/rust-lang/crates.io-index"

[[package]]
name = "diff"
version = "0.1.8"
source = "registry+https://github.com/rust-lang/crates.io-index"

[[package]]
name = "fixedbitset"
version = "0.1.0"
source = "registry+https://github.com/rust-lang/crates.io-index"

[[package]]
name = "french_press"
version = "0.1.0"
source = "git+https://github.com/rustoscript/french-press?rev=c74b57d#c74b57de69d11311fe85d3c97e7f1ad4565feaaf"
dependencies = [
 "jsrs-common 0.1.0 (git+https://github.com/rustoscript/js.rs-common.git)",
 "uuid 0.1.18 (registry+https://github.com/rust-lang/crates.io-index)",
]

[[package]]
name = "itertools"
version = "0.3.25"
source = "registry+https://github.com/rust-lang/crates.io-index"

[[package]]
name = "jsrs-common"
version = "0.1.0"
source = "git+https://github.com/rustoscript/js.rs-common.git#1597dfb15c5a6543915c2699eb5448e3c3b54dbb"

[[package]]
name = "jsrs-common"
version = "0.1.0"
source = "git+https://github.com/rustoscript/js.rs-common.git?rev=ad1e542#ad1e54250680a562151bc86eeadaa90f837a5bc2"

[[package]]
name = "jsrs-parser"
version = "0.1.0"
source = "git+https://github.com/rustoscript/js.rs-parser.git#4c5a2bc29e7c3bda437af2597599664ee4c2628b"
dependencies = [
 "jsrs-common 0.1.0 (git+https://github.com/rustoscript/js.rs-common.git?rev=ad1e542)",
 "lalrpop 0.8.0 (registry+https://github.com/rust-lang/crates.io-index)",
 "lalrpop-util 0.8.0 (registry+https://github.com/rust-lang/crates.io-index)",
 "rustyline 0.1.0 (registry+https://github.com/rust-lang/crates.io-index)",
]

[[package]]
name = "kernel32-sys"
version = "0.2.1"
source = "registry+https://github.com/rust-lang/crates.io-index"
dependencies = [
 "winapi 0.2.5 (registry+https://github.com/rust-lang/crates.io-index)",
 "winapi-build 0.1.1 (registry+https://github.com/rust-lang/crates.io-index)",
]

[[package]]
name = "lalrpop"
version = "0.8.0"
source = "registry+https://github.com/rust-lang/crates.io-index"
dependencies = [
 "diff 0.1.8 (registry+https://github.com/rust-lang/crates.io-index)",
 "itertools 0.3.25 (registry+https://github.com/rust-lang/crates.io-index)",
 "lalrpop-intern 0.8.0 (registry+https://github.com/rust-lang/crates.io-index)",
 "lalrpop-snap 0.8.0 (registry+https://github.com/rust-lang/crates.io-index)",
 "lalrpop-util 0.8.0 (registry+https://github.com/rust-lang/crates.io-index)",
 "petgraph 0.1.18 (registry+https://github.com/rust-lang/crates.io-index)",
 "regex 0.1.46 (registry+https://github.com/rust-lang/crates.io-index)",
 "term 0.2.14 (registry+https://github.com/rust-lang/crates.io-index)",
 "unicode-xid 0.0.2 (registry+https://github.com/rust-lang/crates.io-index)",
]

[[package]]
name = "lalrpop-intern"
version = "0.8.0"
source = "registry+https://github.com/rust-lang/crates.io-index"

[[package]]
name = "lalrpop-snap"
version = "0.8.0"
source = "registry+https://github.com/rust-lang/crates.io-index"
dependencies = [
 "diff 0.1.8 (registry+https://github.com/rust-lang/crates.io-index)",
 "itertools 0.3.25 (registry+https://github.com/rust-lang/crates.io-index)",
 "lalrpop-intern 0.8.0 (registry+https://github.com/rust-lang/crates.io-index)",
 "lalrpop-util 0.8.0 (registry+https://github.com/rust-lang/crates.io-index)",
 "rand 0.3.13 (registry+https://github.com/rust-lang/crates.io-index)",
 "regex 0.1.46 (registry+https://github.com/rust-lang/crates.io-index)",
 "rusty-peg 0.3.0 (registry+https://github.com/rust-lang/crates.io-index)",
 "term 0.2.14 (registry+https://github.com/rust-lang/crates.io-index)",
 "unicode-xid 0.0.2 (registry+https://github.com/rust-lang/crates.io-index)",
]

[[package]]
name = "lalrpop-util"
version = "0.8.0"
source = "registry+https://github.com/rust-lang/crates.io-index"

[[package]]
name = "libc"
version = "0.1.12"
source = "registry+https://github.com/rust-lang/crates.io-index"

[[package]]
name = "libc"
version = "0.2.4"
source = "registry+https://github.com/rust-lang/crates.io-index"

[[package]]
name = "memchr"
version = "0.1.7"
source = "registry+https://github.com/rust-lang/crates.io-index"
dependencies = [
 "libc 0.2.4 (registry+https://github.com/rust-lang/crates.io-index)",
]

[[package]]
name = "nix"
version = "0.3.9"
source = "registry+https://github.com/rust-lang/crates.io-index"
dependencies = [
 "bitflags 0.1.1 (registry+https://github.com/rust-lang/crates.io-index)",
 "libc 0.1.12 (registry+https://github.com/rust-lang/crates.io-index)",
]

[[package]]
name = "nix"
version = "0.4.2"
source = "registry+https://github.com/rust-lang/crates.io-index"
dependencies = [
 "bitflags 0.3.3 (registry+https://github.com/rust-lang/crates.io-index)",
 "libc 0.1.12 (registry+https://github.com/rust-lang/crates.io-index)",
]

[[package]]
name = "petgraph"
version = "0.1.18"
source = "registry+https://github.com/rust-lang/crates.io-index"
dependencies = [
 "fixedbitset 0.1.0 (registry+https://github.com/rust-lang/crates.io-index)",
]

[[package]]
name = "rand"
version = "0.3.13"
source = "registry+https://github.com/rust-lang/crates.io-index"
dependencies = [
 "advapi32-sys 0.1.2 (registry+https://github.com/rust-lang/crates.io-index)",
 "libc 0.2.4 (registry+https://github.com/rust-lang/crates.io-index)",
 "winapi 0.2.5 (registry+https://github.com/rust-lang/crates.io-index)",
]

[[package]]
name = "regex"
version = "0.1.46"
source = "registry+https://github.com/rust-lang/crates.io-index"
dependencies = [
 "aho-corasick 0.4.0 (registry+https://github.com/rust-lang/crates.io-index)",
 "memchr 0.1.7 (registry+https://github.com/rust-lang/crates.io-index)",
 "regex-syntax 0.2.2 (registry+https://github.com/rust-lang/crates.io-index)",
]

[[package]]
name = "regex-syntax"
version = "0.2.2"
source = "registry+https://github.com/rust-lang/crates.io-index"

[[package]]
name = "rustc-serialize"
version = "0.3.16"
source = "registry+https://github.com/rust-lang/crates.io-index"

[[package]]
name = "rusty-peg"
version = "0.3.0"
source = "registry+https://github.com/rust-lang/crates.io-index"
dependencies = [
 "regex 0.1.46 (registry+https://github.com/rust-lang/crates.io-index)",
]

[[package]]
name = "rustyline"
version = "0.1.0"
source = "registry+https://github.com/rust-lang/crates.io-index"
dependencies = [
 "libc 0.1.12 (registry+https://github.com/rust-lang/crates.io-index)",
 "nix 0.3.9 (registry+https://github.com/rust-lang/crates.io-index)",
 "unicode-width 0.1.3 (registry+https://github.com/rust-lang/crates.io-index)",
]

[[package]]
name = "rustyline"
version = "0.2.0"
source = "registry+https://github.com/rust-lang/crates.io-index"
dependencies = [
 "libc 0.2.4 (registry+https://github.com/rust-lang/crates.io-index)",
 "nix 0.4.2 (registry+https://github.com/rust-lang/crates.io-index)",
 "unicode-width 0.1.3 (registry+https://github.com/rust-lang/crates.io-index)",
]

[[package]]
name = "term"
version = "0.2.14"
source = "registry+https://github.com/rust-lang/crates.io-index"
dependencies = [
 "kernel32-sys 0.2.1 (registry+https://github.com/rust-lang/crates.io-index)",
 "winapi 0.2.5 (registry+https://github.com/rust-lang/crates.io-index)",
]

[[package]]
name = "unicode-width"
version = "0.1.3"
source = "registry+https://github.com/rust-lang/crates.io-index"

[[package]]
name = "unicode-xid"
version = "0.0.2"
source = "registry+https://github.com/rust-lang/crates.io-index"

[[package]]
name = "uuid"
version = "0.1.18"
source = "registry+https://github.com/rust-lang/crates.io-index"
dependencies = [
 "rand 0.3.13 (registry+https://github.com/rust-lang/crates.io-index)",
 "rustc-serialize 0.3.16 (registry+https://github.com/rust-lang/crates.io-index)",
]

[[package]]
name = "winapi"
version = "0.2.5"
source = "registry+https://github.com/rust-lang/crates.io-index"

[[package]]
name = "winapi-build"
version = "0.1.1"
source = "registry+https://github.com/rust-lang/crates.io-index"

